// !$*UTF8*$!
{
	archiveVersion = 1;
	classes = {
	};
	objectVersion = 48;
	objects = {

/* Begin PBXBuildFile section */
		0211C50420D2B37800D2DC56 /* SkillTableViewCell.swift in Sources */ = {isa = PBXBuildFile; fileRef = 0211C50320D2B37800D2DC56 /* SkillTableViewCell.swift */; };
		02EDB0B720D270A0002E1940 /* AppDelegate.swift in Sources */ = {isa = PBXBuildFile; fileRef = 02EDB0B620D270A0002E1940 /* AppDelegate.swift */; };
		02EDB0B920D270A0002E1940 /* ViewController.swift in Sources */ = {isa = PBXBuildFile; fileRef = 02EDB0B820D270A0002E1940 /* ViewController.swift */; };
		02EDB0BC20D270A0002E1940 /* Main.storyboard in Resources */ = {isa = PBXBuildFile; fileRef = 02EDB0BA20D270A0002E1940 /* Main.storyboard */; };
		02EDB0BE20D270A0002E1940 /* Assets.xcassets in Resources */ = {isa = PBXBuildFile; fileRef = 02EDB0BD20D270A0002E1940 /* Assets.xcassets */; };
		02EDB0C120D270A0002E1940 /* LaunchScreen.storyboard in Resources */ = {isa = PBXBuildFile; fileRef = 02EDB0BF20D270A0002E1940 /* LaunchScreen.storyboard */; };
		02EDB0C920D27CD1002E1940 /* Tools.swift in Sources */ = {isa = PBXBuildFile; fileRef = 02EDB0C820D27CD1002E1940 /* Tools.swift */; };
		02EDB0CB20D285D3002E1940 /* UserViewController.swift in Sources */ = {isa = PBXBuildFile; fileRef = 02EDB0CA20D285D3002E1940 /* UserViewController.swift */; };
/* End PBXBuildFile section */

/* Begin PBXFileReference section */
		0211C50320D2B37800D2DC56 /* SkillTableViewCell.swift */ = {isa = PBXFileReference; lastKnownFileType = sourcecode.swift; path = SkillTableViewCell.swift; sourceTree = "<group>"; };
		02EDB0B320D270A0002E1940 /* Swifty Companion.app */ = {isa = PBXFileReference; explicitFileType = wrapper.application; includeInIndex = 0; path = "Swifty Companion.app"; sourceTree = BUILT_PRODUCTS_DIR; };
		02EDB0B620D270A0002E1940 /* AppDelegate.swift */ = {isa = PBXFileReference; lastKnownFileType = sourcecode.swift; path = AppDelegate.swift; sourceTree = "<group>"; };
		02EDB0B820D270A0002E1940 /* ViewController.swift */ = {isa = PBXFileReference; lastKnownFileType = sourcecode.swift; path = ViewController.swift; sourceTree = "<group>"; };
		02EDB0BB20D270A0002E1940 /* Base */ = {isa = PBXFileReference; lastKnownFileType = file.storyboard; name = Base; path = Base.lproj/Main.storyboard; sourceTree = "<group>"; };
		02EDB0BD20D270A0002E1940 /* Assets.xcassets */ = {isa = PBXFileReference; lastKnownFileType = folder.assetcatalog; path = Assets.xcassets; sourceTree = "<group>"; };
		02EDB0C020D270A0002E1940 /* Base */ = {isa = PBXFileReference; lastKnownFileType = file.storyboard; name = Base; path = Base.lproj/LaunchScreen.storyboard; sourceTree = "<group>"; };
		02EDB0C220D270A0002E1940 /* Info.plist */ = {isa = PBXFileReference; lastKnownFileType = text.plist.xml; path = Info.plist; sourceTree = "<group>"; };
		02EDB0C820D27CD1002E1940 /* Tools.swift */ = {isa = PBXFileReference; lastKnownFileType = sourcecode.swift; path = Tools.swift; sourceTree = "<group>"; };
		02EDB0CA20D285D3002E1940 /* UserViewController.swift */ = {isa = PBXFileReference; lastKnownFileType = sourcecode.swift; path = UserViewController.swift; sourceTree = "<group>"; };
/* End PBXFileReference section */

/* Begin PBXFrameworksBuildPhase section */
		02EDB0B020D270A0002E1940 /* Frameworks */ = {
			isa = PBXFrameworksBuildPhase;
			buildActionMask = 2147483647;
			files = (
			);
			runOnlyForDeploymentPostprocessing = 0;
		};
/* End PBXFrameworksBuildPhase section */

/* Begin PBXGroup section */
		02EDB0AA20D270A0002E1940 = {
			isa = PBXGroup;
			children = (
				02EDB0B520D270A0002E1940 /* Swifty Companion */,
				02EDB0B420D270A0002E1940 /* Products */,
			);
			sourceTree = "<group>";
		};
		02EDB0B420D270A0002E1940 /* Products */ = {
			isa = PBXGroup;
			children = (
				02EDB0B320D270A0002E1940 /* Swifty Companion.app */,
			);
			name = Products;
			sourceTree = "<group>";
		};
		02EDB0B520D270A0002E1940 /* Swifty Companion */ = {
			isa = PBXGroup;
			children = (
				02EDB0B620D270A0002E1940 /* AppDelegate.swift */,
				02EDB0B820D270A0002E1940 /* ViewController.swift */,
				02EDB0BA20D270A0002E1940 /* Main.storyboard */,
				02EDB0BD20D270A0002E1940 /* Assets.xcassets */,
				02EDB0BF20D270A0002E1940 /* LaunchScreen.storyboard */,
				02EDB0C220D270A0002E1940 /* Info.plist */,
				02EDB0C820D27CD1002E1940 /* Tools.swift */,
				02EDB0CA20D285D3002E1940 /* UserViewController.swift */,
				0211C50320D2B37800D2DC56 /* SkillTableViewCell.swift */,
			);
			path = "Swifty Companion";
			sourceTree = "<group>";
		};
/* End PBXGroup section */

/* Begin PBXNativeTarget section */
		02EDB0B220D270A0002E1940 /* Swifty Companion */ = {
			isa = PBXNativeTarget;
			buildConfigurationList = 02EDB0C520D270A0002E1940 /* Build configuration list for PBXNativeTarget "Swifty Companion" */;
			buildPhases = (
				02EDB0AF20D270A0002E1940 /* Sources */,
				02EDB0B020D270A0002E1940 /* Frameworks */,
				02EDB0B120D270A0002E1940 /* Resources */,
			);
			buildRules = (
			);
			dependencies = (
			);
			name = "Swifty Companion";
			productName = "Swifty Companion";
			productReference = 02EDB0B320D270A0002E1940 /* Swifty Companion.app */;
			productType = "com.apple.product-type.application";
		};
/* End PBXNativeTarget section */

/* Begin PBXProject section */
		02EDB0AB20D270A0002E1940 /* Project object */ = {
			isa = PBXProject;
			attributes = {
				LastSwiftUpdateCheck = 0920;
				LastUpgradeCheck = 0920;
				ORGANIZATIONNAME = 42;
				TargetAttributes = {
					02EDB0B220D270A0002E1940 = {
						CreatedOnToolsVersion = 9.2;
						ProvisioningStyle = Automatic;
					};
				};
			};
			buildConfigurationList = 02EDB0AE20D270A0002E1940 /* Build configuration list for PBXProject "Swifty Companion" */;
			compatibilityVersion = "Xcode 8.0";
			developmentRegion = en;
			hasScannedForEncodings = 0;
			knownRegions = (
				en,
				Base,
			);
			mainGroup = 02EDB0AA20D270A0002E1940;
			productRefGroup = 02EDB0B420D270A0002E1940 /* Products */;
			projectDirPath = "";
			projectRoot = "";
			targets = (
				02EDB0B220D270A0002E1940 /* Swifty Companion */,
			);
		};
/* End PBXProject section */

/* Begin PBXResourcesBuildPhase section */
		02EDB0B120D270A0002E1940 /* Resources */ = {
			isa = PBXResourcesBuildPhase;
			buildActionMask = 2147483647;
			files = (
				02EDB0C120D270A0002E1940 /* LaunchScreen.storyboard in Resources */,
				02EDB0BE20D270A0002E1940 /* Assets.xcassets in Resources */,
				02EDB0BC20D270A0002E1940 /* Main.storyboard in Resources */,
			);
			runOnlyForDeploymentPostprocessing = 0;
		};
/* End PBXResourcesBuildPhase section */

/* Begin PBXSourcesBuildPhase section */
		02EDB0AF20D270A0002E1940 /* Sources */ = {
			isa = PBXSourcesBuildPhase;
			buildActionMask = 2147483647;
			files = (
				02EDB0C920D27CD1002E1940 /* Tools.swift in Sources */,
				0211C50420D2B37800D2DC56 /* SkillTableViewCell.swift in Sources */,
				02EDB0CB20D285D3002E1940 /* UserViewController.swift in Sources */,
				02EDB0B920D270A0002E1940 /* ViewController.swift in Sources */,
				02EDB0B720D270A0002E1940 /* AppDelegate.swift in Sources */,
			);
			runOnlyForDeploymentPostprocessing = 0;
		};
/* End PBXSourcesBuildPhase section */

/* Begin PBXVariantGroup section */
		02EDB0BA20D270A0002E1940 /* Main.storyboard */ = {
			isa = PBXVariantGroup;
			children = (
				02EDB0BB20D270A0002E1940 /* Base */,
			);
			name = Main.storyboard;
			sourceTree = "<group>";
		};
		02EDB0BF20D270A0002E1940 /* LaunchScreen.storyboard */ = {
			isa = PBXVariantGroup;
			children = (
				02EDB0C020D270A0002E1940 /* Base */,
			);
			name = LaunchScreen.storyboard;
			sourceTree = "<group>";
		};
/* End PBXVariantGroup section */

/* Begin XCBuildConfiguration section */
		02EDB0C320D270A0002E1940 /* Debug */ = {
			isa = XCBuildConfiguration;
			buildSettings = {
				ALWAYS_SEARCH_USER_PATHS = NO;
				CLANG_ANALYZER_NONNULL = YES;
				CLANG_ANALYZER_NUMBER_OBJECT_CONVERSION = YES_AGGRESSIVE;
				CLANG_CXX_LANGUAGE_STANDARD = "gnu++14";
				CLANG_CXX_LIBRARY = "libc++";
				CLANG_ENABLE_MODULES = YES;
				CLANG_ENABLE_OBJC_ARC = YES;
				CLANG_WARN_BLOCK_CAPTURE_AUTORELEASING = YES;
				CLANG_WARN_BOOL_CONVERSION = YES;
				CLANG_WARN_COMMA = YES;
				CLANG_WARN_CONSTANT_CONVERSION = YES;
				CLANG_WARN_DIRECT_OBJC_ISA_USAGE = YES_ERROR;
				CLANG_WARN_DOCUMENTATION_COMMENTS = YES;
				CLANG_WARN_EMPTY_BODY = YES;
				CLANG_WARN_ENUM_CONVERSION = YES;
				CLANG_WARN_INFINITE_RECURSION = YES;
				CLANG_WARN_INT_CONVERSION = YES;
				CLANG_WARN_NON_LITERAL_NULL_CONVERSION = YES;
				CLANG_WARN_OBJC_LITERAL_CONVERSION = YES;
				CLANG_WARN_OBJC_ROOT_CLASS = YES_ERROR;
				CLANG_WARN_RANGE_LOOP_ANALYSIS = YES;
				CLANG_WARN_STRICT_PROTOTYPES = YES;
				CLANG_WARN_SUSPICIOUS_MOVE = YES;
				CLANG_WARN_UNGUARDED_AVAILABILITY = YES_AGGRESSIVE;
				CLANG_WARN_UNREACHABLE_CODE = YES;
				CLANG_WARN__DUPLICATE_METHOD_MATCH = YES;
				CODE_SIGN_IDENTITY = "iPhone Developer";
				COPY_PHASE_STRIP = NO;
				DEBUG_INFORMATION_FORMAT = dwarf;
				ENABLE_STRICT_OBJC_MSGSEND = YES;
				ENABLE_TESTABILITY = YES;
				GCC_C_LANGUAGE_STANDARD = gnu11;
				GCC_DYNAMIC_NO_PIC = NO;
				GCC_NO_COMMON_BLOCKS = YES;
				GCC_OPTIMIZATION_LEVEL = 0;
				GCC_PREPROCESSOR_DEFINITIONS = (
					"DEBUG=1",
					"$(inherited)",
				);
				GCC_WARN_64_TO_32_BIT_CONVERSION = YES;
				GCC_WARN_ABOUT_RETURN_TYPE = YES_ERROR;
				GCC_WARN_UNDECLARED_SELECTOR = YES;
				GCC_WARN_UNINITIALIZED_AUTOS = YES_AGGRESSIVE;
				GCC_WARN_UNUSED_FUNCTION = YES;
				GCC_WARN_UNUSED_VARIABLE = YES;
				IPHONEOS_DEPLOYMENT_TARGET = 11.2;
				MTL_ENABLE_DEBUG_INFO = YES;
				ONLY_ACTIVE_ARCH = YES;
				SDKROOT = iphoneos;
				SWIFT_ACTIVE_COMPILATION_CONDITIONS = DEBUG;
				SWIFT_OPTIMIZATION_LEVEL = "-Onone";
			};
			name = Debug;
		};
		02EDB0C420D270A0002E1940 /* Release */ = {
			isa = XCBuildConfiguration;
			buildSettings = {
				ALWAYS_SEARCH_USER_PATHS = NO;
				CLANG_ANALYZER_NONNULL = YES;
				CLANG_ANALYZER_NUMBER_OBJECT_CONVERSION = YES_AGGRESSIVE;
				CLANG_CXX_LANGUAGE_STANDARD = "gnu++14";
				CLANG_CXX_LIBRARY = "libc++";
				CLANG_ENABLE_MODULES = YES;
				CLANG_ENABLE_OBJC_ARC = YES;
				CLANG_WARN_BLOCK_CAPTURE_AUTORELEASING = YES;
				CLANG_WARN_BOOL_CONVERSION = YES;
				CLANG_WARN_COMMA = YES;
				CLANG_WARN_CONSTANT_CONVERSION = YES;
				CLANG_WARN_DIRECT_OBJC_ISA_USAGE = YES_ERROR;
				CLANG_WARN_DOCUMENTATION_COMMENTS = YES;
				CLANG_WARN_EMPTY_BODY = YES;
				CLANG_WARN_ENUM_CONVERSION = YES;
				CLANG_WARN_INFINITE_RECURSION = YES;
				CLANG_WARN_INT_CONVERSION = YES;
				CLANG_WARN_NON_LITERAL_NULL_CONVERSION = YES;
				CLANG_WARN_OBJC_LITERAL_CONVERSION = YES;
				CLANG_WARN_OBJC_ROOT_CLASS = YES_ERROR;
				CLANG_WARN_RANGE_LOOP_ANALYSIS = YES;
				CLANG_WARN_STRICT_PROTOTYPES = YES;
				CLANG_WARN_SUSPICIOUS_MOVE = YES;
				CLANG_WARN_UNGUARDED_AVAILABILITY = YES_AGGRESSIVE;
				CLANG_WARN_UNREACHABLE_CODE = YES;
				CLANG_WARN__DUPLICATE_METHOD_MATCH = YES;
				CODE_SIGN_IDENTITY = "iPhone Developer";
				COPY_PHASE_STRIP = NO;
				DEBUG_INFORMATION_FORMAT = "dwarf-with-dsym";
				ENABLE_NS_ASSERTIONS = NO;
				ENABLE_STRICT_OBJC_MSGSEND = YES;
				GCC_C_LANGUAGE_STANDARD = gnu11;
				GCC_NO_COMMON_BLOCKS = YES;
				GCC_WARN_64_TO_32_BIT_CONVERSION = YES;
				GCC_WARN_ABOUT_RETURN_TYPE = YES_ERROR;
				GCC_WARN_UNDECLARED_SELECTOR = YES;
				GCC_WARN_UNINITIALIZED_AUTOS = YES_AGGRESSIVE;
				GCC_WARN_UNUSED_FUNCTION = YES;
				GCC_WARN_UNUSED_VARIABLE = YES;
				IPHONEOS_DEPLOYMENT_TARGET = 11.2;
				MTL_ENABLE_DEBUG_INFO = NO;
				SDKROOT = iphoneos;
				SWIFT_OPTIMIZATION_LEVEL = "-Owholemodule";
				VALIDATE_PRODUCT = YES;
			};
			name = Release;
		};
		02EDB0C620D270A0002E1940 /* Debug */ = {
			isa = XCBuildConfiguration;
			buildSettings = {
				ASSETCATALOG_COMPILER_APPICON_NAME = AppIcon;
				CODE_SIGN_STYLE = Automatic;
				INFOPLIST_FILE = "Swifty Companion/Info.plist";
				LD_RUNPATH_SEARCH_PATHS = "$(inherited) @executable_path/Frameworks";
				PRODUCT_BUNDLE_IDENTIFIER = "lnieto-m.Swifty-Companion";
				PRODUCT_NAME = "$(TARGET_NAME)";
				SWIFT_VERSION = 4.0;
				TARGETED_DEVICE_FAMILY = "1,2";
			};
			name = Debug;
		};
		02EDB0C720D270A0002E1940 /* Release */ = {
			isa = XCBuildConfiguration;
			buildSettings = {
				ASSETCATALOG_COMPILER_APPICON_NAME = AppIcon;
				CODE_SIGN_STYLE = Automatic;
				INFOPLIST_FILE = "Swifty Companion/Info.plist";
				LD_RUNPATH_SEARCH_PATHS = "$(inherited) @executable_path/Frameworks";
				PRODUCT_BUNDLE_IDENTIFIER = "lnieto-m.Swifty-Companion";
				PRODUCT_NAME = "$(TARGET_NAME)";
				SWIFT_VERSION = 4.0;
				TARGETED_DEVICE_FAMILY = "1,2";
			};
			name = Release;
		};
/* End XCBuildConfiguration section */

/* Begin XCConfigurationList section */
		02EDB0AE20D270A0002E1940 /* Build configuration list for PBXProject "Swifty Companion" */ = {
			isa = XCConfigurationList;
			buildConfigurations = (
				02EDB0C320D270A0002E1940 /* Debug */,
				02EDB0C420D270A0002E1940 /* Release */,
			);
			defaultConfigurationIsVisible = 0;
			defaultConfigurationName = Release;
		};
		02EDB0C520D270A0002E1940 /* Build configuration list for PBXNativeTarget "Swifty Companion" */ = {
			isa = XCConfigurationList;
			buildConfigurations = (
				02EDB0C620D270A0002E1940 /* Debug */,
				02EDB0C720D270A0002E1940 /* Release */,
			);
			defaultConfigurationIsVisible = 0;
			defaultConfigurationName = Release;
		};
/* End XCConfigurationList section */
	};
	rootObject = 02EDB0AB20D270A0002E1940 /* Project object */;
}
